<Solution>
  <Project Path="AppHost/AppHost.csproj" />
  <Project Path="Notification.Api/Notification.Api.csproj" />
  <Project Path="ServiceDefaults/ServiceDefaults.csproj" />
  <Project Path="Software.Api/Software.Api.csproj" />
  <Project Path="Software.Tests/Software.Tests.csproj" Id="f1ead4f3-6a11-4396-9423-fbb3a29705d9" />
  <Project Path="SoftwareShared/SoftwareShared.csproj" Id="c40d3095-93e3-47a9-b3f7-1d2581841ac4" />
</Solution>
